
Microsoft Visual Studio Solution File, Format Version 12.00
# Visual Studio Version 16
VisualStudioVersion = 16.0.31702.278
MinimumVisualStudioVersion = 10.0.40219.1
Project("{FAE04EC0-301F-11D3-BF4B-00C04F79EFBC}") = "BooksConsoleApp", "BooksConsoleApp\BooksConsoleApp.csproj", "{35BEE7DA-3D39-4DDD-AE10-1F0C7DA08317}"
EndProject
Project("{FAE04EC0-301F-11D3-BF4B-00C04F79EFBC}") = "BooksDb", "BooksDb\BooksDb.csproj", "{62AEF424-D8AE-4D82-BF5A-DD02CB2D762B}"
EndProject
Global
	GlobalSection(SolutionConfigurationPlatforms) = preSolution
		Debug|Any CPU = Debug|Any CPU
		Release|Any CPU = Release|Any CPU
	EndGlobalSection
	GlobalSection(ProjectConfigurationPlatforms) = postSolution
		{35BEE7DA-3D39-4DDD-AE10-1F0C7DA08317}.Debug|Any CPU.ActiveCfg = Debug|Any CPU
		{35BEE7DA-3D39-4DDD-AE10-1F0C7DA08317}.Debug|Any CPU.Build.0 = Debug|Any CPU
		{35BEE7DA-3D39-4DDD-AE10-1F0C7DA08317}.Release|Any CPU.ActiveCfg = Release|Any CPU
		{35BEE7DA-3D39-4DDD-AE10-1F0C7DA08317}.Release|Any CPU.Build.0 = Release|Any CPU
		{62AEF424-D8AE-4D82-BF5A-DD02CB2D762B}.Debug|Any CPU.ActiveCfg = Debug|Any CPU
		{62AEF424-D8AE-4D82-BF5A-DD02CB2D762B}.Debug|Any CPU.Build.0 = Debug|Any CPU
		{62AEF424-D8AE-4D82-BF5A-DD02CB2D762B}.Release|Any CPU.ActiveCfg = Release|Any CPU
		{62AEF424-D8AE-4D82-BF5A-DD02CB2D762B}.Release|Any CPU.Build.0 = Release|Any CPU
	EndGlobalSection
	GlobalSection(SolutionProperties) = preSolution
		HideSolutionNode = FALSE
	EndGlobalSection
	GlobalSection(ExtensibilityGlobals) = postSolution
		SolutionGuid = {38302160-8DD7-40E4-9527-637144198E16}
	EndGlobalSection
EndGlobal
